// !$*UTF8*$!
{
	archiveVersion = 1;
	classes = {
	};
	objectVersion = 46;
	objects = {

/* Begin PBXBuildFile section */
		7A6B48F1190D4C070060E5EC /* Foundation.framework in Frameworks */ = {isa = PBXBuildFile; fileRef = 7A6B48F0190D4C070060E5EC /* Foundation.framework */; };
		7A6B48F3190D4C070060E5EC /* CoreGraphics.framework in Frameworks */ = {isa = PBXBuildFile; fileRef = 7A6B48F2190D4C070060E5EC /* CoreGraphics.framework */; };
		7A6B48F5190D4C070060E5EC /* UIKit.framework in Frameworks */ = {isa = PBXBuildFile; fileRef = 7A6B48F4190D4C070060E5EC /* UIKit.framework */; };
		7A6B48FB190D4C070060E5EC /* InfoPlist.strings in Resources */ = {isa = PBXBuildFile; fileRef = 7A6B48F9190D4C070060E5EC /* InfoPlist.strings */; };
		7A6B48FD190D4C070060E5EC /* main.m in Sources */ = {isa = PBXBuildFile; fileRef = 7A6B48FC190D4C070060E5EC /* main.m */; };
		7A6B4901190D4C070060E5EC /* QYAppDelegate.m in Sources */ = {isa = PBXBuildFile; fileRef = 7A6B4900190D4C070060E5EC /* QYAppDelegate.m */; };
		7A6B4904190D4C070060E5EC /* Main.storyboard in Resources */ = {isa = PBXBuildFile; fileRef = 7A6B4902190D4C070060E5EC /* Main.storyboard */; };
		7A6B4907190D4C070060E5EC /* QYViewController.m in Sources */ = {isa = PBXBuildFile; fileRef = 7A6B4906190D4C070060E5EC /* QYViewController.m */; };
		7A6B4909190D4C070060E5EC /* Images.xcassets in Resources */ = {isa = PBXBuildFile; fileRef = 7A6B4908190D4C070060E5EC /* Images.xcassets */; };
		7A6B4910190D4C070060E5EC /* XCTest.framework in Frameworks */ = {isa = PBXBuildFile; fileRef = 7A6B490F190D4C070060E5EC /* XCTest.framework */; };
		7A6B4911190D4C070060E5EC /* Foundation.framework in Frameworks */ = {isa = PBXBuildFile; fileRef = 7A6B48F0190D4C070060E5EC /* Foundation.framework */; };
		7A6B4912190D4C070060E5EC /* UIKit.framework in Frameworks */ = {isa = PBXBuildFile; fileRef = 7A6B48F4190D4C070060E5EC /* UIKit.framework */; };
		7A6B491A190D4C070060E5EC /* InfoPlist.strings in Resources */ = {isa = PBXBuildFile; fileRef = 7A6B4918190D4C070060E5EC /* InfoPlist.strings */; };
		7A6B491C190D4C070060E5EC /* CATransitionSampleTests.m in Sources */ = {isa = PBXBuildFile; fileRef = 7A6B491B190D4C070060E5EC /* CATransitionSampleTests.m */; };
		7AEF7787190E9DF900AE1CFC /* 2-3.png in Resources */ = {isa = PBXBuildFile; fileRef = 7AEF7786190E9DF900AE1CFC /* 2-3.png */; };
/* End PBXBuildFile section */

/* Begin PBXContainerItemProxy section */
		7A6B4913190D4C070060E5EC /* PBXContainerItemProxy */ = {
			isa = PBXContainerItemProxy;
			containerPortal = 7A6B48E5190D4C070060E5EC /* Project object */;
			proxyType = 1;
			remoteGlobalIDString = 7A6B48EC190D4C070060E5EC;
			remoteInfo = CATransitionSample;
		};
/* End PBXContainerItemProxy section */

/* Begin PBXFileReference section */
		7A6B48ED190D4C070060E5EC /* CATransitionSample.app */ = {isa = PBXFileReference; explicitFileType = wrapper.application; includeInIndex = 0; path = CATransitionSample.app; sourceTree = BUILT_PRODUCTS_DIR; };
		7A6B48F0190D4C070060E5EC /* Foundation.framework */ = {isa = PBXFileReference; lastKnownFileType = wrapper.framework; name = Foundation.framework; path = System/Library/Frameworks/Foundation.framework; sourceTree = SDKROOT; };
		7A6B48F2190D4C070060E5EC /* CoreGraphics.framework */ = {isa = PBXFileReference; lastKnownFileType = wrapper.framework; name = CoreGraphics.framework; path = System/Library/Frameworks/CoreGraphics.framework; sourceTree = SDKROOT; };
		7A6B48F4190D4C070060E5EC /* UIKit.framework */ = {isa = PBXFileReference; lastKnownFileType = wrapper.framework; name = UIKit.framework; path = System/Library/Frameworks/UIKit.framework; sourceTree = SDKROOT; };
		7A6B48F8190D4C070060E5EC /* CATransitionSample-Info.plist */ = {isa = PBXFileReference; lastKnownFileType = text.plist.xml; path = "CATransitionSample-Info.plist"; sourceTree = "<group>"; };
		7A6B48FA190D4C070060E5EC /* en */ = {isa = PBXFileReference; lastKnownFileType = text.plist.strings; name = en; path = en.lproj/InfoPlist.strings; sourceTree = "<group>"; };
		7A6B48FC190D4C070060E5EC /* main.m */ = {isa = PBXFileReference; lastKnownFileType = sourcecode.c.objc; path = main.m; sourceTree = "<group>"; };
		7A6B48FE190D4C070060E5EC /* CATransitionSample-Prefix.pch */ = {isa = PBXFileReference; lastKnownFileType = sourcecode.c.h; path = "CATransitionSample-Prefix.pch"; sourceTree = "<group>"; };
		7A6B48FF190D4C070060E5EC /* QYAppDelegate.h */ = {isa = PBXFileReference; lastKnownFileType = sourcecode.c.h; path = QYAppDelegate.h; sourceTree = "<group>"; };
		7A6B4900190D4C070060E5EC /* QYAppDelegate.m */ = {isa = PBXFileReference; lastKnownFileType = sourcecode.c.objc; path = QYAppDelegate.m; sourceTree = "<group>"; };
		7A6B4903190D4C070060E5EC /* Base */ = {isa = PBXFileReference; lastKnownFileType = file.storyboard; name = Base; path = Base.lproj/Main.storyboard; sourceTree = "<group>"; };
		7A6B4905190D4C070060E5EC /* QYViewController.h */ = {isa = PBXFileReference; lastKnownFileType = sourcecode.c.h; path = QYViewController.h; sourceTree = "<group>"; };
		7A6B4906190D4C070060E5EC /* QYViewController.m */ = {isa = PBXFileReference; lastKnownFileType = sourcecode.c.objc; path = QYViewController.m; sourceTree = "<group>"; };
		7A6B4908190D4C070060E5EC /* Images.xcassets */ = {isa = PBXFileReference; lastKnownFileType = folder.assetcatalog; path = Images.xcassets; sourceTree = "<group>"; };
		7A6B490E190D4C070060E5EC /* CATransitionSampleTests.xctest */ = {isa = PBXFileReference; explicitFileType = wrapper.cfbundle; includeInIndex = 0; path = CATransitionSampleTests.xctest; sourceTree = BUILT_PRODUCTS_DIR; };
		7A6B490F190D4C070060E5EC /* XCTest.framework */ = {isa = PBXFileReference; lastKnownFileType = wrapper.framework; name = XCTest.framework; path = Library/Frameworks/XCTest.framework; sourceTree = DEVELOPER_DIR; };
		7A6B4917190D4C070060E5EC /* CATransitionSampleTests-Info.plist */ = {isa = PBXFileReference; lastKnownFileType = text.plist.xml; path = "CATransitionSampleTests-Info.plist"; sourceTree = "<group>"; };
		7A6B4919190D4C070060E5EC /* en */ = {isa = PBXFileReference; lastKnownFileType = text.plist.strings; name = en; path = en.lproj/InfoPlist.strings; sourceTree = "<group>"; };
		7A6B491B190D4C070060E5EC /* CATransitionSampleTests.m */ = {isa = PBXFileReference; lastKnownFileType = sourcecode.c.objc; path = CATransitionSampleTests.m; sourceTree = "<group>"; };
		7A6B4925190D4DFD0060E5EC /* QuartzCore.framework */ = {isa = PBXFileReference; lastKnownFileType = wrapper.framework; name = QuartzCore.framework; path = System/Library/Frameworks/QuartzCore.framework; sourceTree = SDKROOT; };
		7AEF7786190E9DF900AE1CFC /* 2-3.png */ = {isa = PBXFileReference; lastKnownFileType = image.png; path = "2-3.png"; sourceTree = "<group>"; };
/* End PBXFileReference section */

/* Begin PBXFrameworksBuildPhase section */
		7A6B48EA190D4C070060E5EC /* Frameworks */ = {
			isa = PBXFrameworksBuildPhase;
			buildActionMask = 2147483647;
			files = (
				7A6B48F3190D4C070060E5EC /* CoreGraphics.framework in Frameworks */,
				7A6B48F5190D4C070060E5EC /* UIKit.framework in Frameworks */,
				7A6B48F1190D4C070060E5EC /* Foundation.framework in Frameworks */,
			);
			runOnlyForDeploymentPostprocessing = 0;
		};
		7A6B490B190D4C070060E5EC /* Frameworks */ = {
			isa = PBXFrameworksBuildPhase;
			buildActionMask = 2147483647;
			files = (
				7A6B4910190D4C070060E5EC /* XCTest.framework in Frameworks */,
				7A6B4912190D4C070060E5EC /* UIKit.framework in Frameworks */,
				7A6B4911190D4C070060E5EC /* Foundation.framework in Frameworks */,
			);
			runOnlyForDeploymentPostprocessing = 0;
		};
/* End PBXFrameworksBuildPhase section */

/* Begin PBXGroup section */
		7A6B48E4190D4C070060E5EC = {
			isa = PBXGroup;
			children = (
				7A6B48F6190D4C070060E5EC /* CATransitionSample */,
				7A6B4915190D4C070060E5EC /* CATransitionSampleTests */,
				7A6B48EF190D4C070060E5EC /* Frameworks */,
				7A6B48EE190D4C070060E5EC /* Products */,
			);
			sourceTree = "<group>";
		};
		7A6B48EE190D4C070060E5EC /* Products */ = {
			isa = PBXGroup;
			children = (
				7A6B48ED190D4C070060E5EC /* CATransitionSample.app */,
				7A6B490E190D4C070060E5EC /* CATransitionSampleTests.xctest */,
			);
			name = Products;
			sourceTree = "<group>";
		};
		7A6B48EF190D4C070060E5EC /* Frameworks */ = {
			isa = PBXGroup;
			children = (
				7A6B4925190D4DFD0060E5EC /* QuartzCore.framework */,
				7A6B48F0190D4C070060E5EC /* Foundation.framework */,
				7A6B48F2190D4C070060E5EC /* CoreGraphics.framework */,
				7A6B48F4190D4C070060E5EC /* UIKit.framework */,
				7A6B490F190D4C070060E5EC /* XCTest.framework */,
			);
			name = Frameworks;
			sourceTree = "<group>";
		};
		7A6B48F6190D4C070060E5EC /* CATransitionSample */ = {
			isa = PBXGroup;
			children = (
				7A6B48FF190D4C070060E5EC /* QYAppDelegate.h */,
				7A6B4900190D4C070060E5EC /* QYAppDelegate.m */,
				7A6B4902190D4C070060E5EC /* Main.storyboard */,
				7A6B4905190D4C070060E5EC /* QYViewController.h */,
				7A6B4906190D4C070060E5EC /* QYViewController.m */,
				7A6B4908190D4C070060E5EC /* Images.xcassets */,
				7A6B48F7190D4C070060E5EC /* Supporting Files */,
			);
			path = CATransitionSample;
			sourceTree = "<group>";
		};
		7A6B48F7190D4C070060E5EC /* Supporting Files */ = {
			isa = PBXGroup;
			children = (
				7AEF7786190E9DF900AE1CFC /* 2-3.png */,
				7A6B48F8190D4C070060E5EC /* CATransitionSample-Info.plist */,
				7A6B48F9190D4C070060E5EC /* InfoPlist.strings */,
				7A6B48FC190D4C070060E5EC /* main.m */,
				7A6B48FE190D4C070060E5EC /* CATransitionSample-Prefix.pch */,
			);
			name = "Supporting Files";
			sourceTree = "<group>";
		};
		7A6B4915190D4C070060E5EC /* CATransitionSampleTests */ = {
			isa = PBXGroup;
			children = (
				7A6B491B190D4C070060E5EC /* CATransitionSampleTests.m */,
				7A6B4916190D4C070060E5EC /* Supporting Files */,
			);
			path = CATransitionSampleTests;
			sourceTree = "<group>";
		};
		7A6B4916190D4C070060E5EC /* Supporting Files */ = {
			isa = PBXGroup;
			children = (
				7A6B4917190D4C070060E5EC /* CATransitionSampleTests-Info.plist */,
				7A6B4918190D4C070060E5EC /* InfoPlist.strings */,
			);
			name = "Supporting Files";
			sourceTree = "<group>";
		};
/* End PBXGroup section */

/* Begin PBXNativeTarget section */
		7A6B48EC190D4C070060E5EC /* CATransitionSample */ = {
			isa = PBXNativeTarget;
			buildConfigurationList = 7A6B491F190D4C070060E5EC /* Build configuration list for PBXNativeTarget "CATransitionSample" */;
			buildPhases = (
				7A6B48E9190D4C070060E5EC /* Sources */,
				7A6B48EA190D4C070060E5EC /* Frameworks */,
				7A6B48EB190D4C070060E5EC /* Resources */,
			);
			buildRules = (
			);
			dependencies = (
			);
			name = CATransitionSample;
			productName = CATransitionSample;
			productReference = 7A6B48ED190D4C070060E5EC /* CATransitionSample.app */;
			productType = "com.apple.product-type.application";
		};
		7A6B490D190D4C070060E5EC /* CATransitionSampleTests */ = {
			isa = PBXNativeTarget;
			buildConfigurationList = 7A6B4922190D4C070060E5EC /* Build configuration list for PBXNativeTarget "CATransitionSampleTests" */;
			buildPhases = (
				7A6B490A190D4C070060E5EC /* Sources */,
				7A6B490B190D4C070060E5EC /* Frameworks */,
				7A6B490C190D4C070060E5EC /* Resources */,
			);
			buildRules = (
			);
			dependencies = (
				7A6B4914190D4C070060E5EC /* PBXTargetDependency */,
			);
			name = CATransitionSampleTests;
			productName = CATransitionSampleTests;
			productReference = 7A6B490E190D4C070060E5EC /* CATransitionSampleTests.xctest */;
			productType = "com.apple.product-type.bundle.unit-test";
		};
/* End PBXNativeTarget section */

/* Begin PBXProject section */
		7A6B48E5190D4C070060E5EC /* Project object */ = {
			isa = PBXProject;
			attributes = {
				CLASSPREFIX = QY;
				LastUpgradeCheck = 0510;
				ORGANIZATIONNAME = zhangsf;
				TargetAttributes = {
					7A6B490D190D4C070060E5EC = {
						TestTargetID = 7A6B48EC190D4C070060E5EC;
					};
				};
			};
			buildConfigurationList = 7A6B48E8190D4C070060E5EC /* Build configuration list for PBXProject "CATransitionSample" */;
			compatibilityVersion = "Xcode 3.2";
			developmentRegion = English;
			hasScannedForEncodings = 0;
			knownRegions = (
				en,
				Base,
			);
			mainGroup = 7A6B48E4190D4C070060E5EC;
			productRefGroup = 7A6B48EE190D4C070060E5EC /* Products */;
			projectDirPath = "";
			projectRoot = "";
			targets = (
				7A6B48EC190D4C070060E5EC /* CATransitionSample */,
				7A6B490D190D4C070060E5EC /* CATransitionSampleTests */,
			);
		};
/* End PBXProject section */

/* Begin PBXResourcesBuildPhase section */
		7A6B48EB190D4C070060E5EC /* Resources */ = {
			isa = PBXResourcesBuildPhase;
			buildActionMask = 2147483647;
			files = (
				7AEF7787190E9DF900AE1CFC /* 2-3.png in Resources */,
				7A6B4909190D4C070060E5EC /* Images.xcassets in Resources */,
				7A6B48FB190D4C070060E5EC /* InfoPlist.strings in Resources */,
				7A6B4904190D4C070060E5EC /* Main.storyboard in Resources */,
			);
			runOnlyForDeploymentPostprocessing = 0;
		};
		7A6B490C190D4C070060E5EC /* Resources */ = {
			isa = PBXResourcesBuildPhase;
			buildActionMask = 2147483647;
			files = (
				7A6B491A190D4C070060E5EC /* InfoPlist.strings in Resources */,
			);
			runOnlyForDeploymentPostprocessing = 0;
		};
/* End PBXResourcesBuildPhase section */

/* Begin PBXSourcesBuildPhase section */
		7A6B48E9190D4C070060E5EC /* Sources */ = {
			isa = PBXSourcesBuildPhase;
			buildActionMask = 2147483647;
			files = (
				7A6B4901190D4C070060E5EC /* QYAppDelegate.m in Sources */,
				7A6B48FD190D4C070060E5EC /* main.m in Sources */,
				7A6B4907190D4C070060E5EC /* QYViewController.m in Sources */,
			);
			runOnlyForDeploymentPostprocessing = 0;
		};
		7A6B490A190D4C070060E5EC /* Sources */ = {
			isa = PBXSourcesBuildPhase;
			buildActionMask = 2147483647;
			files = (
				7A6B491C190D4C070060E5EC /* CATransitionSampleTests.m in Sources */,
			);
			runOnlyForDeploymentPostprocessing = 0;
		};
/* End PBXSourcesBuildPhase section */

/* Begin PBXTargetDependency section */
		7A6B4914190D4C070060E5EC /* PBXTargetDependency */ = {
			isa = PBXTargetDependency;
			target = 7A6B48EC190D4C070060E5EC /* CATransitionSample */;
			targetProxy = 7A6B4913190D4C070060E5EC /* PBXContainerItemProxy */;
		};
/* End PBXTargetDependency section */

/* Begin PBXVariantGroup section */
		7A6B48F9190D4C070060E5EC /* InfoPlist.strings */ = {
			isa = PBXVariantGroup;
			children = (
				7A6B48FA190D4C070060E5EC /* en */,
			);
			name = InfoPlist.strings;
			sourceTree = "<group>";
		};
		7A6B4902190D4C070060E5EC /* Main.storyboard */ = {
			isa = PBXVariantGroup;
			children = (
				7A6B4903190D4C070060E5EC /* Base */,
			);
			name = Main.storyboard;
			sourceTree = "<group>";
		};
		7A6B4918190D4C070060E5EC /* InfoPlist.strings */ = {
			isa = PBXVariantGroup;
			children = (
				7A6B4919190D4C070060E5EC /* en */,
			);
			name = InfoPlist.strings;
			sourceTree = "<group>";
		};
/* End PBXVariantGroup section */

/* Begin XCBuildConfiguration section */
		7A6B491D190D4C070060E5EC /* Debug */ = {
			isa = XCBuildConfiguration;
			buildSettings = {
				ALWAYS_SEARCH_USER_PATHS = NO;
				CLANG_CXX_LANGUAGE_STANDARD = "gnu++0x";
				CLANG_CXX_LIBRARY = "libc++";
				CLANG_ENABLE_MODULES = YES;
				CLANG_ENABLE_OBJC_ARC = YES;
				CLANG_WARN_BOOL_CONVERSION = YES;
				CLANG_WARN_CONSTANT_CONVERSION = YES;
				CLANG_WARN_DIRECT_OBJC_ISA_USAGE = YES_ERROR;
				CLANG_WARN_EMPTY_BODY = YES;
				CLANG_WARN_ENUM_CONVERSION = YES;
				CLANG_WARN_INT_CONVERSION = YES;
				CLANG_WARN_OBJC_ROOT_CLASS = YES_ERROR;
				CLANG_WARN__DUPLICATE_METHOD_MATCH = YES;
				"CODE_SIGN_IDENTITY[sdk=iphoneos*]" = "iPhone Developer";
				COPY_PHASE_STRIP = NO;
				GCC_C_LANGUAGE_STANDARD = gnu99;
				GCC_DYNAMIC_NO_PIC = NO;
				GCC_OPTIMIZATION_LEVEL = 0;
				GCC_PREPROCESSOR_DEFINITIONS = (
					"DEBUG=1",
					"$(inherited)",
				);
				GCC_SYMBOLS_PRIVATE_EXTERN = NO;
				GCC_WARN_64_TO_32_BIT_CONVERSION = YES;
				GCC_WARN_ABOUT_RETURN_TYPE = YES_ERROR;
				GCC_WARN_UNDECLARED_SELECTOR = YES;
				GCC_WARN_UNINITIALIZED_AUTOS = YES_AGGRESSIVE;
				GCC_WARN_UNUSED_FUNCTION = YES;
				GCC_WARN_UNUSED_VARIABLE = YES;
				IPHONEOS_DEPLOYMENT_TARGET = 7.1;
				ONLY_ACTIVE_ARCH = YES;
				SDKROOT = iphoneos;
			};
			name = Debug;
		};
		7A6B491E190D4C070060E5EC /* Release */ = {
			isa = XCBuildConfiguration;
			buildSettings = {
				ALWAYS_SEARCH_USER_PATHS = NO;
				CLANG_CXX_LANGUAGE_STANDARD = "gnu++0x";
				CLANG_CXX_LIBRARY = "libc++";
				CLANG_ENABLE_MODULES = YES;
				CLANG_ENABLE_OBJC_ARC = YES;
				CLANG_WARN_BOOL_CONVERSION = YES;
				CLANG_WARN_CONSTANT_CONVERSION = YES;
				CLANG_WARN_DIRECT_OBJC_ISA_USAGE = YES_ERROR;
				CLANG_WARN_EMPTY_BODY = YES;
				CLANG_WARN_ENUM_CONVERSION = YES;
				CLANG_WARN_INT_CONVERSION = YES;
				CLANG_WARN_OBJC_ROOT_CLASS = YES_ERROR;
				CLANG_WARN__DUPLICATE_METHOD_MATCH = YES;
				"CODE_SIGN_IDENTITY[sdk=iphoneos*]" = "iPhone Developer";
				COPY_PHASE_STRIP = YES;
				ENABLE_NS_ASSERTIONS = NO;
				GCC_C_LANGUAGE_STANDARD = gnu99;
				GCC_WARN_64_TO_32_BIT_CONVERSION = YES;
				GCC_WARN_ABOUT_RETURN_TYPE = YES_ERROR;
				GCC_WARN_UNDECLARED_SELECTOR = YES;
				GCC_WARN_UNINITIALIZED_AUTOS = YES_AGGRESSIVE;
				GCC_WARN_UNUSED_FUNCTION = YES;
				GCC_WARN_UNUSED_VARIABLE = YES;
				IPHONEOS_DEPLOYMENT_TARGET = 7.1;
				SDKROOT = iphoneos;
				VALIDATE_PRODUCT = YES;
			};
			name = Release;
		};
		7A6B4920190D4C070060E5EC /* Debug */ = {
			isa = XCBuildConfiguration;
			buildSettings = {
				ASSETCATALOG_COMPILER_APPICON_NAME = AppIcon;
				ASSETCATALOG_COMPILER_LAUNCHIMAGE_NAME = LaunchImage;
				GCC_PRECOMPILE_PREFIX_HEADER = YES;
				GCC_PREFIX_HEADER = "CATransitionSample/CATransitionSample-Prefix.pch";
				INFOPLIST_FILE = "CATransitionSample/CATransitionSample-Info.plist";
				PRODUCT_NAME = "$(TARGET_NAME)";
				WRAPPER_EXTENSION = app;
			};
			name = Debug;
		};
		7A6B4921190D4C070060E5EC /* Release */ = {
			isa = XCBuildConfiguration;
			buildSettings = {
				ASSETCATALOG_COMPILER_APPICON_NAME = AppIcon;
				ASSETCATALOG_COMPILER_LAUNCHIMAGE_NAME = LaunchImage;
				GCC_PRECOMPILE_PREFIX_HEADER = YES;
				GCC_PREFIX_HEADER = "CATransitionSample/CATransitionSample-Prefix.pch";
				INFOPLIST_FILE = "CATransitionSample/CATransitionSample-Info.plist";
				PRODUCT_NAME = "$(TARGET_NAME)";
				WRAPPER_EXTENSION = app;
			};
			name = Release;
		};
		7A6B4923190D4C070060E5EC /* Debug */ = {
			isa = XCBuildConfiguration;
			buildSettings = {
				BUNDLE_LOADER = "$(BUILT_PRODUCTS_DIR)/CATransitionSample.app/CATransitionSample";
				FRAMEWORK_SEARCH_PATHS = (
					"$(SDKROOT)/Developer/Library/Frameworks",
					"$(inherited)",
					"$(DEVELOPER_FRAMEWORKS_DIR)",
				);
				GCC_PRECOMPILE_PREFIX_HEADER = YES;
				GCC_PREFIX_HEADER = "CATransitionSample/CATransitionSample-Prefix.pch";
				GCC_PREPROCESSOR_DEFINITIONS = (
					"DEBUG=1",
					"$(inherited)",
				);
				INFOPLIST_FILE = "CATransitionSampleTests/CATransitionSampleTests-Info.plist";
				PRODUCT_NAME = "$(TARGET_NAME)";
				TEST_HOST = "$(BUNDLE_LOADER)";
				WRAPPER_EXTENSION = xctest;
			};
			name = Debug;
		};
		7A6B4924190D4C070060E5EC /* Release */ = {
			isa = XCBuildConfiguration;
			buildSettings = {
				BUNDLE_LOADER = "$(BUILT_PRODUCTS_DIR)/CATransitionSample.app/CATransitionSample";
				FRAMEWORK_SEARCH_PATHS = (
					"$(SDKROOT)/Developer/Library/Frameworks",
					"$(inherited)",
					"$(DEVELOPER_FRAMEWORKS_DIR)",
				);
				GCC_PRECOMPILE_PREFIX_HEADER = YES;
				GCC_PREFIX_HEADER = "CATransitionSample/CATransitionSample-Prefix.pch";
				INFOPLIST_FILE = "CATransitionSampleTests/CATransitionSampleTests-Info.plist";
				PRODUCT_NAME = "$(TARGET_NAME)";
				TEST_HOST = "$(BUNDLE_LOADER)";
				WRAPPER_EXTENSION = xctest;
			};
			name = Release;
		};
/* End XCBuildConfiguration section */

/* Begin XCConfigurationList section */
		7A6B48E8190D4C070060E5EC /* Build configuration list for PBXProject "CATransitionSample" */ = {
			isa = XCConfigurationList;
			buildConfigurations = (
				7A6B491D190D4C070060E5EC /* Debug */,
				7A6B491E190D4C070060E5EC /* Release */,
			);
			defaultConfigurationIsVisible = 0;
			defaultConfigurationName = Release;
		};
		7A6B491F190D4C070060E5EC /* Build configuration list for PBXNativeTarget "CATransitionSample" */ = {
			isa = XCConfigurationList;
			buildConfigurations = (
				7A6B4920190D4C070060E5EC /* Debug */,
				7A6B4921190D4C070060E5EC /* Release */,
			);
			defaultConfigurationIsVisible = 0;
			defaultConfigurationName = Release;
		};
		7A6B4922190D4C070060E5EC /* Build configuration list for PBXNativeTarget "CATransitionSampleTests" */ = {
			isa = XCConfigurationList;
			buildConfigurations = (
				7A6B4923190D4C070060E5EC /* Debug */,
				7A6B4924190D4C070060E5EC /* Release */,
			);
			defaultConfigurationIsVisible = 0;
			defaultConfigurationName = Release;
		};
/* End XCConfigurationList section */
	};
	rootObject = 7A6B48E5190D4C070060E5EC /* Project object */;
}
